
Microsoft Visual Studio Solution File, Format Version 12.00
# Visual Studio Version 16
VisualStudioVersion = 16.0.31321.278
MinimumVisualStudioVersion = 10.0.40219.1
Project("{FAE04EC0-301F-11D3-BF4B-00C04F79EFBC}") = "Budget", "Budget\Budget.csproj", "{9D4B5742-205F-4492-8B3F-A81053B21578}"
EndProject
Global
	GlobalSection(SolutionConfigurationPlatforms) = preSolution
		Debug|Any CPU = Debug|Any CPU
		Release|Any CPU = Release|Any CPU
	EndGlobalSection
	GlobalSection(ProjectConfigurationPlatforms) = postSolution
		{9D4B5742-205F-4492-8B3F-A81053B21578}.Debug|Any CPU.ActiveCfg = Debug|Any CPU
		{9D4B5742-205F-4492-8B3F-A81053B21578}.Debug|Any CPU.Build.0 = Debug|Any CPU
		{9D4B5742-205F-4492-8B3F-A81053B21578}.Release|Any CPU.ActiveCfg = Release|Any CPU
		{9D4B5742-205F-4492-8B3F-A81053B21578}.Release|Any CPU.Build.0 = Release|Any CPU
	EndGlobalSection
	GlobalSection(SolutionProperties) = preSolution
		HideSolutionNode = FALSE
	EndGlobalSection
	GlobalSection(ExtensibilityGlobals) = postSolution
		SolutionGuid = {A8E609A5-0D6B-4601-9B1C-CDED07F0AEFA}
	EndGlobalSection
EndGlobal
